// !$*UTF8*$!
{
	archiveVersion = 1;
	classes = {
	};
	objectVersion = 50;
	objects = {

/* Begin PBXBuildFile section */
		0407227A2116AAEB00398FB6 /* CarpetViewController.swift in Sources */ = {isa = PBXBuildFile; fileRef = 040722792116AAEB00398FB6 /* CarpetViewController.swift */; };
		0408E1F82116121200945FA3 /* CategoryViewController.swift in Sources */ = {isa = PBXBuildFile; fileRef = 0408E1F72116121200945FA3 /* CategoryViewController.swift */; };
		04566157210355A300D0FBF8 /* AppDelegate.swift in Sources */ = {isa = PBXBuildFile; fileRef = 04566156210355A300D0FBF8 /* AppDelegate.swift */; };
		04566159210355A300D0FBF8 /* art.scnassets in Resources */ = {isa = PBXBuildFile; fileRef = 04566158210355A300D0FBF8 /* art.scnassets */; };
		0456615B210355A300D0FBF8 /* ARViewController.swift in Sources */ = {isa = PBXBuildFile; fileRef = 0456615A210355A300D0FBF8 /* ARViewController.swift */; };
		0456615E210355A300D0FBF8 /* Main.storyboard in Resources */ = {isa = PBXBuildFile; fileRef = 0456615C210355A300D0FBF8 /* Main.storyboard */; };
		04566160210355A800D0FBF8 /* Assets.xcassets in Resources */ = {isa = PBXBuildFile; fileRef = 0456615F210355A800D0FBF8 /* Assets.xcassets */; };
		04566163210355A800D0FBF8 /* LaunchScreen.storyboard in Resources */ = {isa = PBXBuildFile; fileRef = 04566161210355A800D0FBF8 /* LaunchScreen.storyboard */; };
		0456616E21035C0100D0FBF8 /* GoogleService-Info.plist in Resources */ = {isa = PBXBuildFile; fileRef = 0456616D21035C0100D0FBF8 /* GoogleService-Info.plist */; };
		0456617021035E9D00D0FBF8 /* WelcomeViewController.swift in Sources */ = {isa = PBXBuildFile; fileRef = 0456616F21035E9D00D0FBF8 /* WelcomeViewController.swift */; };
		0456617621044F1000D0FBF8 /* HomeViewController.swift in Sources */ = {isa = PBXBuildFile; fileRef = 0456617521044F1000D0FBF8 /* HomeViewController.swift */; };
		0486A838211DCDA70072C886 /* FavouritesViewController.swift in Sources */ = {isa = PBXBuildFile; fileRef = 0486A837211DCDA70072C886 /* FavouritesViewController.swift */; };
		04B38EF7211217C6003C4F71 /* OwnerLoginViewController.swift in Sources */ = {isa = PBXBuildFile; fileRef = 04B38EF6211217C6003C4F71 /* OwnerLoginViewController.swift */; };
		04B38EFB2112FC7D003C4F71 /* CarpetTableViewCell.swift in Sources */ = {isa = PBXBuildFile; fileRef = 04B38EFA2112FC7D003C4F71 /* CarpetTableViewCell.swift */; };
		04B38F012115912A003C4F71 /* CarpetTableViewController.swift in Sources */ = {isa = PBXBuildFile; fileRef = 04B38F002115912A003C4F71 /* CarpetTableViewController.swift */; };
		04B38F032115A41E003C4F71 /* CategoryCollectionViewCell.swift in Sources */ = {isa = PBXBuildFile; fileRef = 04B38F022115A41E003C4F71 /* CategoryCollectionViewCell.swift */; };
		04B38F052115DA29003C4F71 /* SearchViewController.swift in Sources */ = {isa = PBXBuildFile; fileRef = 04B38F042115DA29003C4F71 /* SearchViewController.swift */; };
		04E0EAD62109713A002962FD /* Carpet.swift in Sources */ = {isa = PBXBuildFile; fileRef = 04E0EAD52109713A002962FD /* Carpet.swift */; };
		04E0EAD8210977BC002962FD /* AddCarpetViewController.swift in Sources */ = {isa = PBXBuildFile; fileRef = 04E0EAD7210977BC002962FD /* AddCarpetViewController.swift */; };
		04E0EADA210AE814002962FD /* MainTabBarController.swift in Sources */ = {isa = PBXBuildFile; fileRef = 04E0EAD9210AE814002962FD /* MainTabBarController.swift */; };
		7224D04A99D3CF07A3A72592 /* Pods_CarpetStory.framework in Frameworks */ = {isa = PBXBuildFile; fileRef = 05BE5F0F128E7F0B1BCFB745 /* Pods_CarpetStory.framework */; };
/* End PBXBuildFile section */

/* Begin PBXFileReference section */
		040722792116AAEB00398FB6 /* CarpetViewController.swift */ = {isa = PBXFileReference; lastKnownFileType = sourcecode.swift; path = CarpetViewController.swift; sourceTree = "<group>"; };
		0408E1F72116121200945FA3 /* CategoryViewController.swift */ = {isa = PBXFileReference; lastKnownFileType = sourcecode.swift; path = CategoryViewController.swift; sourceTree = "<group>"; };
		04566153210355A300D0FBF8 /* CarpetStory.app */ = {isa = PBXFileReference; explicitFileType = wrapper.application; includeInIndex = 0; path = CarpetStory.app; sourceTree = BUILT_PRODUCTS_DIR; };
		04566156210355A300D0FBF8 /* AppDelegate.swift */ = {isa = PBXFileReference; lastKnownFileType = sourcecode.swift; path = AppDelegate.swift; sourceTree = "<group>"; };
		04566158210355A300D0FBF8 /* art.scnassets */ = {isa = PBXFileReference; lastKnownFileType = wrapper.scnassets; path = art.scnassets; sourceTree = "<group>"; };
		0456615A210355A300D0FBF8 /* ARViewController.swift */ = {isa = PBXFileReference; lastKnownFileType = sourcecode.swift; path = ARViewController.swift; sourceTree = "<group>"; };
		0456615D210355A300D0FBF8 /* Base */ = {isa = PBXFileReference; lastKnownFileType = file.storyboard; name = Base; path = Base.lproj/Main.storyboard; sourceTree = "<group>"; };
		0456615F210355A800D0FBF8 /* Assets.xcassets */ = {isa = PBXFileReference; lastKnownFileType = folder.assetcatalog; path = Assets.xcassets; sourceTree = "<group>"; };
		04566162210355A800D0FBF8 /* Base */ = {isa = PBXFileReference; lastKnownFileType = file.storyboard; name = Base; path = Base.lproj/LaunchScreen.storyboard; sourceTree = "<group>"; };
		04566164210355A800D0FBF8 /* Info.plist */ = {isa = PBXFileReference; lastKnownFileType = text.plist.xml; path = Info.plist; sourceTree = "<group>"; };
		0456616D21035C0100D0FBF8 /* GoogleService-Info.plist */ = {isa = PBXFileReference; fileEncoding = 4; lastKnownFileType = text.plist.xml; path = "GoogleService-Info.plist"; sourceTree = "<group>"; };
		0456616F21035E9D00D0FBF8 /* WelcomeViewController.swift */ = {isa = PBXFileReference; lastKnownFileType = sourcecode.swift; path = WelcomeViewController.swift; sourceTree = "<group>"; };
		0456617521044F1000D0FBF8 /* HomeViewController.swift */ = {isa = PBXFileReference; lastKnownFileType = sourcecode.swift; path = HomeViewController.swift; sourceTree = "<group>"; };
		0486A837211DCDA70072C886 /* FavouritesViewController.swift */ = {isa = PBXFileReference; lastKnownFileType = sourcecode.swift; path = FavouritesViewController.swift; sourceTree = "<group>"; };
		04B38EF3210C58C3003C4F71 /* categories_icon.png */ = {isa = PBXFileReference; lastKnownFileType = image.png; path = categories_icon.png; sourceTree = "<group>"; };
		04B38EF6211217C6003C4F71 /* OwnerLoginViewController.swift */ = {isa = PBXFileReference; lastKnownFileType = sourcecode.swift; path = OwnerLoginViewController.swift; sourceTree = "<group>"; };
		04B38EFA2112FC7D003C4F71 /* CarpetTableViewCell.swift */ = {isa = PBXFileReference; lastKnownFileType = sourcecode.swift; path = CarpetTableViewCell.swift; sourceTree = "<group>"; };
		04B38F002115912A003C4F71 /* CarpetTableViewController.swift */ = {isa = PBXFileReference; lastKnownFileType = sourcecode.swift; path = CarpetTableViewController.swift; sourceTree = "<group>"; };
		04B38F022115A41E003C4F71 /* CategoryCollectionViewCell.swift */ = {isa = PBXFileReference; lastKnownFileType = sourcecode.swift; path = CategoryCollectionViewCell.swift; sourceTree = "<group>"; };
		04B38F042115DA29003C4F71 /* SearchViewController.swift */ = {isa = PBXFileReference; lastKnownFileType = sourcecode.swift; path = SearchViewController.swift; sourceTree = "<group>"; };
		04E0EAD52109713A002962FD /* Carpet.swift */ = {isa = PBXFileReference; lastKnownFileType = sourcecode.swift; path = Carpet.swift; sourceTree = "<group>"; };
		04E0EAD7210977BC002962FD /* AddCarpetViewController.swift */ = {isa = PBXFileReference; lastKnownFileType = sourcecode.swift; path = AddCarpetViewController.swift; sourceTree = "<group>"; };
		04E0EAD9210AE814002962FD /* MainTabBarController.swift */ = {isa = PBXFileReference; lastKnownFileType = sourcecode.swift; path = MainTabBarController.swift; sourceTree = "<group>"; };
		04E0EADB210AF634002962FD /* CarpetStory.entitlements */ = {isa = PBXFileReference; lastKnownFileType = text.plist.entitlements; path = CarpetStory.entitlements; sourceTree = "<group>"; };
		05BE5F0F128E7F0B1BCFB745 /* Pods_CarpetStory.framework */ = {isa = PBXFileReference; explicitFileType = wrapper.framework; includeInIndex = 0; path = Pods_CarpetStory.framework; sourceTree = BUILT_PRODUCTS_DIR; };
		A2E7C0C47F276AF26311DB4E /* Pods-CarpetStory.debug.xcconfig */ = {isa = PBXFileReference; includeInIndex = 1; lastKnownFileType = text.xcconfig; name = "Pods-CarpetStory.debug.xcconfig"; path = "Pods/Target Support Files/Pods-CarpetStory/Pods-CarpetStory.debug.xcconfig"; sourceTree = "<group>"; };
		BF193B3C591DB8D29EE99A0B /* Pods-CarpetStory.release.xcconfig */ = {isa = PBXFileReference; includeInIndex = 1; lastKnownFileType = text.xcconfig; name = "Pods-CarpetStory.release.xcconfig"; path = "Pods/Target Support Files/Pods-CarpetStory/Pods-CarpetStory.release.xcconfig"; sourceTree = "<group>"; };
/* End PBXFileReference section */

/* Begin PBXFrameworksBuildPhase section */
		04566150210355A300D0FBF8 /* Frameworks */ = {
			isa = PBXFrameworksBuildPhase;
			buildActionMask = 2147483647;
			files = (
				7224D04A99D3CF07A3A72592 /* Pods_CarpetStory.framework in Frameworks */,
			);
			runOnlyForDeploymentPostprocessing = 0;
		};
/* End PBXFrameworksBuildPhase section */

/* Begin PBXGroup section */
		0456614A210355A300D0FBF8 = {
			isa = PBXGroup;
			children = (
				04566155210355A300D0FBF8 /* CarpetStory */,
				04566154210355A300D0FBF8 /* Products */,
				295BA251D22EEEDF5DB34CD2 /* Pods */,
				BEE77BFC0C73123D3BB21EEC /* Frameworks */,
			);
			sourceTree = "<group>";
		};
		04566154210355A300D0FBF8 /* Products */ = {
			isa = PBXGroup;
			children = (
				04566153210355A300D0FBF8 /* CarpetStory.app */,
			);
			name = Products;
			sourceTree = "<group>";
		};
		04566155210355A300D0FBF8 /* CarpetStory */ = {
			isa = PBXGroup;
			children = (
				04E0EADB210AF634002962FD /* CarpetStory.entitlements */,
				04566156210355A300D0FBF8 /* AppDelegate.swift */,
				0456616C2103560C00D0FBF8 /* Model */,
				0456616B210355F100D0FBF8 /* Controller */,
				0456616A210355DC00D0FBF8 /* View */,
				0456617721046DA800D0FBF8 /* Misc. */,
				04566158210355A300D0FBF8 /* art.scnassets */,
				0456615F210355A800D0FBF8 /* Assets.xcassets */,
				04B38EF3210C58C3003C4F71 /* categories_icon.png */,
				04566164210355A800D0FBF8 /* Info.plist */,
				0456616D21035C0100D0FBF8 /* GoogleService-Info.plist */,
			);
			path = CarpetStory;
			sourceTree = "<group>";
		};
		0456616A210355DC00D0FBF8 /* View */ = {
			isa = PBXGroup;
			children = (
				0456615C210355A300D0FBF8 /* Main.storyboard */,
				04566161210355A800D0FBF8 /* LaunchScreen.storyboard */,
			);
			path = View;
			sourceTree = "<group>";
		};
		0456616B210355F100D0FBF8 /* Controller */ = {
			isa = PBXGroup;
			children = (
				0456615A210355A300D0FBF8 /* ARViewController.swift */,
				0456616F21035E9D00D0FBF8 /* WelcomeViewController.swift */,
				0456617521044F1000D0FBF8 /* HomeViewController.swift */,
				04E0EAD7210977BC002962FD /* AddCarpetViewController.swift */,
				04E0EAD9210AE814002962FD /* MainTabBarController.swift */,
				04B38EF6211217C6003C4F71 /* OwnerLoginViewController.swift */,
				04B38F002115912A003C4F71 /* CarpetTableViewController.swift */,
				04B38F042115DA29003C4F71 /* SearchViewController.swift */,
				0408E1F72116121200945FA3 /* CategoryViewController.swift */,
				040722792116AAEB00398FB6 /* CarpetViewController.swift */,
				0486A837211DCDA70072C886 /* FavouritesViewController.swift */,
			);
			path = Controller;
			sourceTree = "<group>";
		};
		0456616C2103560C00D0FBF8 /* Model */ = {
			isa = PBXGroup;
			children = (
				04E0EAD52109713A002962FD /* Carpet.swift */,
				04B38F022115A41E003C4F71 /* CategoryCollectionViewCell.swift */,
				04B38EFA2112FC7D003C4F71 /* CarpetTableViewCell.swift */,
			);
			path = Model;
			sourceTree = "<group>";
		};
		0456617721046DA800D0FBF8 /* Misc. */ = {
			isa = PBXGroup;
			children = (
			);
			path = Misc.;
			sourceTree = "<group>";
		};
		295BA251D22EEEDF5DB34CD2 /* Pods */ = {
			isa = PBXGroup;
			children = (
				A2E7C0C47F276AF26311DB4E /* Pods-CarpetStory.debug.xcconfig */,
				BF193B3C591DB8D29EE99A0B /* Pods-CarpetStory.release.xcconfig */,
			);
			name = Pods;
			sourceTree = "<group>";
		};
		BEE77BFC0C73123D3BB21EEC /* Frameworks */ = {
			isa = PBXGroup;
			children = (
				05BE5F0F128E7F0B1BCFB745 /* Pods_CarpetStory.framework */,
			);
			name = Frameworks;
			sourceTree = "<group>";
		};
/* End PBXGroup section */

/* Begin PBXNativeTarget section */
		04566152210355A300D0FBF8 /* CarpetStory */ = {
			isa = PBXNativeTarget;
			buildConfigurationList = 04566167210355A800D0FBF8 /* Build configuration list for PBXNativeTarget "CarpetStory" */;
			buildPhases = (
				73A75A04109F170D627FC8C4 /* [CP] Check Pods Manifest.lock */,
				0456614F210355A300D0FBF8 /* Sources */,
				04566150210355A300D0FBF8 /* Frameworks */,
				04566151210355A300D0FBF8 /* Resources */,
				8973A9C3E4153188ABB73AC9 /* [CP] Embed Pods Frameworks */,
				122BC66E19907EB03AE49F30 /* [CP] Copy Pods Resources */,
			);
			buildRules = (
			);
			dependencies = (
			);
			name = CarpetStory;
			productName = CarpetStory;
			productReference = 04566153210355A300D0FBF8 /* CarpetStory.app */;
			productType = "com.apple.product-type.application";
		};
/* End PBXNativeTarget section */

/* Begin PBXProject section */
		0456614B210355A300D0FBF8 /* Project object */ = {
			isa = PBXProject;
			attributes = {
				LastSwiftUpdateCheck = 0940;
				LastUpgradeCheck = 0940;
				ORGANIZATIONNAME = "Aashrit Garg";
				TargetAttributes = {
					04566152210355A300D0FBF8 = {
						CreatedOnToolsVersion = 9.4.1;
						SystemCapabilities = {
							com.apple.Keychain = {
								enabled = 1;
							};
						};
					};
				};
			};
			buildConfigurationList = 0456614E210355A300D0FBF8 /* Build configuration list for PBXProject "CarpetStory" */;
			compatibilityVersion = "Xcode 9.3";
			developmentRegion = en;
			hasScannedForEncodings = 0;
			knownRegions = (
				en,
				Base,
			);
			mainGroup = 0456614A210355A300D0FBF8;
			productRefGroup = 04566154210355A300D0FBF8 /* Products */;
			projectDirPath = "";
			projectRoot = "";
			targets = (
				04566152210355A300D0FBF8 /* CarpetStory */,
			);
		};
/* End PBXProject section */

/* Begin PBXResourcesBuildPhase section */
		04566151210355A300D0FBF8 /* Resources */ = {
			isa = PBXResourcesBuildPhase;
			buildActionMask = 2147483647;
			files = (
				04566159210355A300D0FBF8 /* art.scnassets in Resources */,
				04566163210355A800D0FBF8 /* LaunchScreen.storyboard in Resources */,
				0456616E21035C0100D0FBF8 /* GoogleService-Info.plist in Resources */,
				04566160210355A800D0FBF8 /* Assets.xcassets in Resources */,
				0456615E210355A300D0FBF8 /* Main.storyboard in Resources */,
			);
			runOnlyForDeploymentPostprocessing = 0;
		};
/* End PBXResourcesBuildPhase section */

/* Begin PBXShellScriptBuildPhase section */
		122BC66E19907EB03AE49F30 /* [CP] Copy Pods Resources */ = {
			isa = PBXShellScriptBuildPhase;
			buildActionMask = 2147483647;
			files = (
			);
			inputPaths = (
				"${SRCROOT}/Pods/Target Support Files/Pods-CarpetStory/Pods-CarpetStory-resources.sh",
				"${PODS_ROOT}/GoogleSignIn/Resources/GoogleSignIn.bundle",
			);
			name = "[CP] Copy Pods Resources";
			outputPaths = (
				"${TARGET_BUILD_DIR}/${UNLOCALIZED_RESOURCES_FOLDER_PATH}/GoogleSignIn.bundle",
			);
			runOnlyForDeploymentPostprocessing = 0;
			shellPath = /bin/sh;
			shellScript = "\"${SRCROOT}/Pods/Target Support Files/Pods-CarpetStory/Pods-CarpetStory-resources.sh\"\n";
			showEnvVarsInLog = 0;
		};
		73A75A04109F170D627FC8C4 /* [CP] Check Pods Manifest.lock */ = {
			isa = PBXShellScriptBuildPhase;
			buildActionMask = 2147483647;
			files = (
			);
			inputPaths = (
				"${PODS_PODFILE_DIR_PATH}/Podfile.lock",
				"${PODS_ROOT}/Manifest.lock",
			);
			name = "[CP] Check Pods Manifest.lock";
			outputPaths = (
				"$(DERIVED_FILE_DIR)/Pods-CarpetStory-checkManifestLockResult.txt",
			);
			runOnlyForDeploymentPostprocessing = 0;
			shellPath = /bin/sh;
			shellScript = "diff \"${PODS_PODFILE_DIR_PATH}/Podfile.lock\" \"${PODS_ROOT}/Manifest.lock\" > /dev/null\nif [ $? != 0 ] ; then\n    # print error to STDERR\n    echo \"error: The sandbox is not in sync with the Podfile.lock. Run 'pod install' or update your CocoaPods installation.\" >&2\n    exit 1\nfi\n# This output is used by Xcode 'outputs' to avoid re-running this script phase.\necho \"SUCCESS\" > \"${SCRIPT_OUTPUT_FILE_0}\"\n";
			showEnvVarsInLog = 0;
		};
		8973A9C3E4153188ABB73AC9 /* [CP] Embed Pods Frameworks */ = {
			isa = PBXShellScriptBuildPhase;
			buildActionMask = 2147483647;
			files = (
			);
			inputPaths = (
				"${SRCROOT}/Pods/Target Support Files/Pods-CarpetStory/Pods-CarpetStory-frameworks.sh",
				"${BUILT_PRODUCTS_DIR}/Alamofire/Alamofire.framework",
				"${BUILT_PRODUCTS_DIR}/AlamofireImage/AlamofireImage.framework",
				"${BUILT_PRODUCTS_DIR}/Bolts/Bolts.framework",
				"${BUILT_PRODUCTS_DIR}/BoringSSL/openssl.framework",
				"${BUILT_PRODUCTS_DIR}/FBSDKCoreKit/FBSDKCoreKit.framework",
				"${BUILT_PRODUCTS_DIR}/FBSDKLoginKit/FBSDKLoginKit.framework",
				"${BUILT_PRODUCTS_DIR}/GTMOAuth2/GTMOAuth2.framework",
				"${BUILT_PRODUCTS_DIR}/GTMSessionFetcher/GTMSessionFetcher.framework",
				"${BUILT_PRODUCTS_DIR}/GoogleToolboxForMac/GoogleToolboxForMac.framework",
				"${BUILT_PRODUCTS_DIR}/Protobuf/Protobuf.framework",
				"${BUILT_PRODUCTS_DIR}/SVProgressHUD/SVProgressHUD.framework",
				"${BUILT_PRODUCTS_DIR}/gRPC/GRPCClient.framework",
				"${BUILT_PRODUCTS_DIR}/gRPC-Core/grpc.framework",
				"${BUILT_PRODUCTS_DIR}/gRPC-ProtoRPC/ProtoRPC.framework",
				"${BUILT_PRODUCTS_DIR}/gRPC-RxLibrary/RxLibrary.framework",
				"${BUILT_PRODUCTS_DIR}/leveldb-library/leveldb.framework",
				"${BUILT_PRODUCTS_DIR}/nanopb/nanopb.framework",
			);
			name = "[CP] Embed Pods Frameworks";
			outputPaths = (
				"${TARGET_BUILD_DIR}/${FRAMEWORKS_FOLDER_PATH}/Alamofire.framework",
				"${TARGET_BUILD_DIR}/${FRAMEWORKS_FOLDER_PATH}/AlamofireImage.framework",
				"${TARGET_BUILD_DIR}/${FRAMEWORKS_FOLDER_PATH}/Bolts.framework",
				"${TARGET_BUILD_DIR}/${FRAMEWORKS_FOLDER_PATH}/openssl.framework",
				"${TARGET_BUILD_DIR}/${FRAMEWORKS_FOLDER_PATH}/FBSDKCoreKit.framework",
				"${TARGET_BUILD_DIR}/${FRAMEWORKS_FOLDER_PATH}/FBSDKLoginKit.framework",
				"${TARGET_BUILD_DIR}/${FRAMEWORKS_FOLDER_PATH}/GTMOAuth2.framework",
				"${TARGET_BUILD_DIR}/${FRAMEWORKS_FOLDER_PATH}/GTMSessionFetcher.framework",
				"${TARGET_BUILD_DIR}/${FRAMEWORKS_FOLDER_PATH}/GoogleToolboxForMac.framework",
				"${TARGET_BUILD_DIR}/${FRAMEWORKS_FOLDER_PATH}/Protobuf.framework",
				"${TARGET_BUILD_DIR}/${FRAMEWORKS_FOLDER_PATH}/SVProgressHUD.framework",
				"${TARGET_BUILD_DIR}/${FRAMEWORKS_FOLDER_PATH}/GRPCClient.framework",
				"${TARGET_BUILD_DIR}/${FRAMEWORKS_FOLDER_PATH}/grpc.framework",
				"${TARGET_BUILD_DIR}/${FRAMEWORKS_FOLDER_PATH}/ProtoRPC.framework",
				"${TARGET_BUILD_DIR}/${FRAMEWORKS_FOLDER_PATH}/RxLibrary.framework",
				"${TARGET_BUILD_DIR}/${FRAMEWORKS_FOLDER_PATH}/leveldb.framework",
				"${TARGET_BUILD_DIR}/${FRAMEWORKS_FOLDER_PATH}/nanopb.framework",
			);
			runOnlyForDeploymentPostprocessing = 0;
			shellPath = /bin/sh;
			shellScript = "\"${SRCROOT}/Pods/Target Support Files/Pods-CarpetStory/Pods-CarpetStory-frameworks.sh\"\n";
			showEnvVarsInLog = 0;
		};
/* End PBXShellScriptBuildPhase section */

/* Begin PBXSourcesBuildPhase section */
		0456614F210355A300D0FBF8 /* Sources */ = {
			isa = PBXSourcesBuildPhase;
			buildActionMask = 2147483647;
			files = (
				04E0EADA210AE814002962FD /* MainTabBarController.swift in Sources */,
				04E0EAD62109713A002962FD /* Carpet.swift in Sources */,
				0456617021035E9D00D0FBF8 /* WelcomeViewController.swift in Sources */,
				0486A838211DCDA70072C886 /* FavouritesViewController.swift in Sources */,
				04B38F032115A41E003C4F71 /* CategoryCollectionViewCell.swift in Sources */,
				0456615B210355A300D0FBF8 /* ARViewController.swift in Sources */,
				04B38EF7211217C6003C4F71 /* OwnerLoginViewController.swift in Sources */,
				04B38F012115912A003C4F71 /* CarpetTableViewController.swift in Sources */,
				04B38F052115DA29003C4F71 /* SearchViewController.swift in Sources */,
				04566157210355A300D0FBF8 /* AppDelegate.swift in Sources */,
				0456617621044F1000D0FBF8 /* HomeViewController.swift in Sources */,
				0408E1F82116121200945FA3 /* CategoryViewController.swift in Sources */,
				0407227A2116AAEB00398FB6 /* CarpetViewController.swift in Sources */,
				04E0EAD8210977BC002962FD /* AddCarpetViewController.swift in Sources */,
				04B38EFB2112FC7D003C4F71 /* CarpetTableViewCell.swift in Sources */,
			);
			runOnlyForDeploymentPostprocessing = 0;
		};
/* End PBXSourcesBuildPhase section */

/* Begin PBXVariantGroup section */
		0456615C210355A300D0FBF8 /* Main.storyboard */ = {
			isa = PBXVariantGroup;
			children = (
				0456615D210355A300D0FBF8 /* Base */,
			);
			name = Main.storyboard;
			sourceTree = "<group>";
		};
		04566161210355A800D0FBF8 /* LaunchScreen.storyboard */ = {
			isa = PBXVariantGroup;
			children = (
				04566162210355A800D0FBF8 /* Base */,
			);
			name = LaunchScreen.storyboard;
			sourceTree = "<group>";
		};
/* End PBXVariantGroup section */

/* Begin XCBuildConfiguration section */
		04566165210355A800D0FBF8 /* Debug */ = {
			isa = XCBuildConfiguration;
			buildSettings = {
				ALWAYS_SEARCH_USER_PATHS = NO;
				CLANG_ANALYZER_NONNULL = YES;
				CLANG_ANALYZER_NUMBER_OBJECT_CONVERSION = YES_AGGRESSIVE;
				CLANG_CXX_LANGUAGE_STANDARD = "gnu++14";
				CLANG_CXX_LIBRARY = "libc++";
				CLANG_ENABLE_MODULES = YES;
				CLANG_ENABLE_OBJC_ARC = YES;
				CLANG_ENABLE_OBJC_WEAK = YES;
				CLANG_WARN_BLOCK_CAPTURE_AUTORELEASING = YES;
				CLANG_WARN_BOOL_CONVERSION = YES;
				CLANG_WARN_COMMA = YES;
				CLANG_WARN_CONSTANT_CONVERSION = YES;
				CLANG_WARN_DEPRECATED_OBJC_IMPLEMENTATIONS = YES;
				CLANG_WARN_DIRECT_OBJC_ISA_USAGE = YES_ERROR;
				CLANG_WARN_DOCUMENTATION_COMMENTS = YES;
				CLANG_WARN_EMPTY_BODY = YES;
				CLANG_WARN_ENUM_CONVERSION = YES;
				CLANG_WARN_INFINITE_RECURSION = YES;
				CLANG_WARN_INT_CONVERSION = YES;
				CLANG_WARN_NON_LITERAL_NULL_CONVERSION = YES;
				CLANG_WARN_OBJC_IMPLICIT_RETAIN_SELF = YES;
				CLANG_WARN_OBJC_LITERAL_CONVERSION = YES;
				CLANG_WARN_OBJC_ROOT_CLASS = YES_ERROR;
				CLANG_WARN_RANGE_LOOP_ANALYSIS = YES;
				CLANG_WARN_STRICT_PROTOTYPES = YES;
				CLANG_WARN_SUSPICIOUS_MOVE = YES;
				CLANG_WARN_UNGUARDED_AVAILABILITY = YES_AGGRESSIVE;
				CLANG_WARN_UNREACHABLE_CODE = YES;
				CLANG_WARN__DUPLICATE_METHOD_MATCH = YES;
				CODE_SIGN_IDENTITY = "iPhone Developer";
				COPY_PHASE_STRIP = NO;
				DEBUG_INFORMATION_FORMAT = dwarf;
				ENABLE_STRICT_OBJC_MSGSEND = YES;
				ENABLE_TESTABILITY = YES;
				GCC_C_LANGUAGE_STANDARD = gnu11;
				GCC_DYNAMIC_NO_PIC = NO;
				GCC_NO_COMMON_BLOCKS = YES;
				GCC_OPTIMIZATION_LEVEL = 0;
				GCC_PREPROCESSOR_DEFINITIONS = (
					"DEBUG=1",
					"$(inherited)",
				);
				GCC_WARN_64_TO_32_BIT_CONVERSION = YES;
				GCC_WARN_ABOUT_RETURN_TYPE = YES_ERROR;
				GCC_WARN_UNDECLARED_SELECTOR = YES;
				GCC_WARN_UNINITIALIZED_AUTOS = YES_AGGRESSIVE;
				GCC_WARN_UNUSED_FUNCTION = YES;
				GCC_WARN_UNUSED_VARIABLE = YES;
				IPHONEOS_DEPLOYMENT_TARGET = 11.4;
				MTL_ENABLE_DEBUG_INFO = YES;
				ONLY_ACTIVE_ARCH = YES;
				SDKROOT = iphoneos;
				SWIFT_ACTIVE_COMPILATION_CONDITIONS = DEBUG;
				SWIFT_OPTIMIZATION_LEVEL = "-Onone";
			};
			name = Debug;
		};
		04566166210355A800D0FBF8 /* Release */ = {
			isa = XCBuildConfiguration;
			buildSettings = {
				ALWAYS_SEARCH_USER_PATHS = NO;
				CLANG_ANALYZER_NONNULL = YES;
				CLANG_ANALYZER_NUMBER_OBJECT_CONVERSION = YES_AGGRESSIVE;
				CLANG_CXX_LANGUAGE_STANDARD = "gnu++14";
				CLANG_CXX_LIBRARY = "libc++";
				CLANG_ENABLE_MODULES = YES;
				CLANG_ENABLE_OBJC_ARC = YES;
				CLANG_ENABLE_OBJC_WEAK = YES;
				CLANG_WARN_BLOCK_CAPTURE_AUTORELEASING = YES;
				CLANG_WARN_BOOL_CONVERSION = YES;
				CLANG_WARN_COMMA = YES;
				CLANG_WARN_CONSTANT_CONVERSION = YES;
				CLANG_WARN_DEPRECATED_OBJC_IMPLEMENTATIONS = YES;
				CLANG_WARN_DIRECT_OBJC_ISA_USAGE = YES_ERROR;
				CLANG_WARN_DOCUMENTATION_COMMENTS = YES;
				CLANG_WARN_EMPTY_BODY = YES;
				CLANG_WARN_ENUM_CONVERSION = YES;
				CLANG_WARN_INFINITE_RECURSION = YES;
				CLANG_WARN_INT_CONVERSION = YES;
				CLANG_WARN_NON_LITERAL_NULL_CONVERSION = YES;
				CLANG_WARN_OBJC_IMPLICIT_RETAIN_SELF = YES;
				CLANG_WARN_OBJC_LITERAL_CONVERSION = YES;
				CLANG_WARN_OBJC_ROOT_CLASS = YES_ERROR;
				CLANG_WARN_RANGE_LOOP_ANALYSIS = YES;
				CLANG_WARN_STRICT_PROTOTYPES = YES;
				CLANG_WARN_SUSPICIOUS_MOVE = YES;
				CLANG_WARN_UNGUARDED_AVAILABILITY = YES_AGGRESSIVE;
				CLANG_WARN_UNREACHABLE_CODE = YES;
				CLANG_WARN__DUPLICATE_METHOD_MATCH = YES;
				CODE_SIGN_IDENTITY = "iPhone Developer";
				COPY_PHASE_STRIP = NO;
				DEBUG_INFORMATION_FORMAT = "dwarf-with-dsym";
				ENABLE_NS_ASSERTIONS = NO;
				ENABLE_STRICT_OBJC_MSGSEND = YES;
				GCC_C_LANGUAGE_STANDARD = gnu11;
				GCC_NO_COMMON_BLOCKS = YES;
				GCC_WARN_64_TO_32_BIT_CONVERSION = YES;
				GCC_WARN_ABOUT_RETURN_TYPE = YES_ERROR;
				GCC_WARN_UNDECLARED_SELECTOR = YES;
				GCC_WARN_UNINITIALIZED_AUTOS = YES_AGGRESSIVE;
				GCC_WARN_UNUSED_FUNCTION = YES;
				GCC_WARN_UNUSED_VARIABLE = YES;
				IPHONEOS_DEPLOYMENT_TARGET = 11.4;
				MTL_ENABLE_DEBUG_INFO = NO;
				SDKROOT = iphoneos;
				SWIFT_COMPILATION_MODE = wholemodule;
				SWIFT_OPTIMIZATION_LEVEL = "-O";
				VALIDATE_PRODUCT = YES;
			};
			name = Release;
		};
		04566168210355A800D0FBF8 /* Debug */ = {
			isa = XCBuildConfiguration;
			baseConfigurationReference = A2E7C0C47F276AF26311DB4E /* Pods-CarpetStory.debug.xcconfig */;
			buildSettings = {
				ASSETCATALOG_COMPILER_APPICON_NAME = AppIcon;
				CODE_SIGN_ENTITLEMENTS = CarpetStory/CarpetStory.entitlements;
				CODE_SIGN_STYLE = Automatic;
				DEVELOPMENT_TEAM = QCQX6JYWAF;
				INFOPLIST_FILE = CarpetStory/Info.plist;
				IPHONEOS_DEPLOYMENT_TARGET = 11.3;
				LD_RUNPATH_SEARCH_PATHS = (
					"$(inherited)",
					"@executable_path/Frameworks",
				);
				PRODUCT_BUNDLE_IDENTIFIER = ru.carpetstory.CarpetStory;
				PRODUCT_NAME = "$(TARGET_NAME)";
				SWIFT_VERSION = 4.0;
				TARGETED_DEVICE_FAMILY = "1,2";
			};
			name = Debug;
		};
		04566169210355A800D0FBF8 /* Release */ = {
			isa = XCBuildConfiguration;
			baseConfigurationReference = BF193B3C591DB8D29EE99A0B /* Pods-CarpetStory.release.xcconfig */;
			buildSettings = {
				ASSETCATALOG_COMPILER_APPICON_NAME = AppIcon;
				CODE_SIGN_ENTITLEMENTS = CarpetStory/CarpetStory.entitlements;
				CODE_SIGN_STYLE = Automatic;
				DEVELOPMENT_TEAM = QCQX6JYWAF;
				INFOPLIST_FILE = CarpetStory/Info.plist;
				IPHONEOS_DEPLOYMENT_TARGET = 11.3;
				LD_RUNPATH_SEARCH_PATHS = (
					"$(inherited)",
					"@executable_path/Frameworks",
				);
				PRODUCT_BUNDLE_IDENTIFIER = ru.carpetstory.CarpetStory;
				PRODUCT_NAME = "$(TARGET_NAME)";
				SWIFT_VERSION = 4.0;
				TARGETED_DEVICE_FAMILY = "1,2";
			};
			name = Release;
		};
/* End XCBuildConfiguration section */

/* Begin XCConfigurationList section */
		0456614E210355A300D0FBF8 /* Build configuration list for PBXProject "CarpetStory" */ = {
			isa = XCConfigurationList;
			buildConfigurations = (
				04566165210355A800D0FBF8 /* Debug */,
				04566166210355A800D0FBF8 /* Release */,
			);
			defaultConfigurationIsVisible = 0;
			defaultConfigurationName = Release;
		};
		04566167210355A800D0FBF8 /* Build configuration list for PBXNativeTarget "CarpetStory" */ = {
			isa = XCConfigurationList;
			buildConfigurations = (
				04566168210355A800D0FBF8 /* Debug */,
				04566169210355A800D0FBF8 /* Release */,
			);
			defaultConfigurationIsVisible = 0;
			defaultConfigurationName = Release;
		};
/* End XCConfigurationList section */
	};
	rootObject = 0456614B210355A300D0FBF8 /* Project object */;
}
